PODS:
  - ConfigCat (9.1.0)

DEPENDENCIES:
  - ConfigCat (from `https://github.com/configcat/swift-sdk.git`, branch `master`)

EXTERNAL SOURCES:
  ConfigCat:
    :branch: master
    :git: https://github.com/configcat/swift-sdk.git

CHECKOUT OPTIONS:
  ConfigCat:
    :commit: 930a092714a221dff28ffd8dc6e2429e04675f9c
    :git: https://github.com/configcat/swift-sdk.git

SPEC CHECKSUMS:
  ConfigCat: 4c01960d968c6505f35b29770e9ba603ad6252af

PODFILE CHECKSUM: cefb5b755aab5575d8660d2128a13614655fe285

COCOAPODS: 1.11.0
