PODS:
  - ConfigCat (2.4.0)

DEPENDENCIES:
  - ConfigCat (from `https://github.com/configcat/swift-sdk.git`, branch `master`)

EXTERNAL SOURCES:
  ConfigCat:
    :branch: master
    :git: https://github.com/configcat/swift-sdk.git

CHECKOUT OPTIONS:
  ConfigCat:
    :commit: 40c532bc045f5db7dcfe30389d922051a84b3b2c
    :git: https://github.com/configcat/swift-sdk.git

SPEC CHECKSUMS:
  ConfigCat: d45ef6c01d324866e9dd1b21d3aa96c057b5c404

PODFILE CHECKSUM: 9be1ab171ff7511f957624c62897daa13dae8e46

COCOAPODS: 1.8.4
