PODS:
  - ConfigCat (11.3.0)

DEPENDENCIES:
  - ConfigCat (from `https://github.com/configcat/swift-sdk.git`, branch `master`)

EXTERNAL SOURCES:
  ConfigCat:
    :branch: master
    :git: https://github.com/configcat/swift-sdk.git

CHECKOUT OPTIONS:
  ConfigCat:
    :commit: fa330a57e22c03b953207ae5366ce1f6226c620f
    :git: https://github.com/configcat/swift-sdk.git

SPEC CHECKSUMS:
  ConfigCat: 783863e2b0ff84fee13a9a56e84c0a61d10150cd

PODFILE CHECKSUM: 9be1ab171ff7511f957624c62897daa13dae8e46

COCOAPODS: 1.16.2
