PODS:
  - ConfigCat (11.0.0)

DEPENDENCIES:
  - ConfigCat (from `https://github.com/configcat/swift-sdk.git`, branch `master`)

EXTERNAL SOURCES:
  ConfigCat:
    :branch: master
    :git: https://github.com/configcat/swift-sdk.git

CHECKOUT OPTIONS:
  ConfigCat:
    :commit: ccf321cc77f20e7797613053a6a259680e1ac9cb
    :git: https://github.com/configcat/swift-sdk.git

SPEC CHECKSUMS:
  ConfigCat: ac791249672fbcfc1f12cbb23ce63b13344428be

PODFILE CHECKSUM: 9be1ab171ff7511f957624c62897daa13dae8e46

COCOAPODS: 1.15.2
